# This file is autogenerated, do not edit; changes may be undone by the next 'dep ensure'.


[[projects]]
  branch = "master"
  name = "github.com/haya14busa/go-vimlparser"
  packages = [
    ".",
    "ast",
    "go",
    "token"
  ]
  revision = "6c96c660fcd05c64565e1d7bad3691a6810e738d"

[[projects]]
  name = "github.com/pkg/errors"
  packages = ["."]
  revision = "645ef00459ed84a119197bfb8d8205042c6df63d"
  version = "v0.8.0"

[solve-meta]
  analyzer-name = "dep"
  analyzer-version = 1
  inputs-digest = "3ba69e735dd2265ed4ad72f6a3362a5d3ff64fc2eb5708e0bf56039247a48947"
  solver-name = "gps-cdcl"
  solver-version = 1
